
Microsoft Visual Studio Solution File, Format Version 12.00
# Visual Studio Version 16
VisualStudioVersion = 16.0.29418.71
MinimumVisualStudioVersion = 10.0.40219.1
Project("{FAE04EC0-301F-11D3-BF4B-00C04F79EFBC}") = "bar.nicholssoftware.com", "bar.nicholssoftware.com\bar.nicholssoftware.com.csproj", "{238A0EDE-7CB6-45C0-84B1-85B51341E20E}"
EndProject
Global
	GlobalSection(SolutionConfigurationPlatforms) = preSolution
		Debug|Any CPU = Debug|Any CPU
		Release|Any CPU = Release|Any CPU
	EndGlobalSection
	GlobalSection(ProjectConfigurationPlatforms) = postSolution
		{238A0EDE-7CB6-45C0-84B1-85B51341E20E}.Debug|Any CPU.ActiveCfg = Debug|Any CPU
		{238A0EDE-7CB6-45C0-84B1-85B51341E20E}.Debug|Any CPU.Build.0 = Debug|Any CPU
		{238A0EDE-7CB6-45C0-84B1-85B51341E20E}.Release|Any CPU.ActiveCfg = Release|Any CPU
		{238A0EDE-7CB6-45C0-84B1-85B51341E20E}.Release|Any CPU.Build.0 = Release|Any CPU
	EndGlobalSection
	GlobalSection(SolutionProperties) = preSolution
		HideSolutionNode = FALSE
	EndGlobalSection
	GlobalSection(ExtensibilityGlobals) = postSolution
		SolutionGuid = {63424A4A-557B-4F41-BF59-AB5F28BDDC2A}
	EndGlobalSection
EndGlobal
