
Microsoft Visual Studio Solution File, Format Version 12.00
# Visual Studio Version 16
VisualStudioVersion = 16.0.29418.71
MinimumVisualStudioVersion = 10.0.40219.1
Project("{FAE04EC0-301F-11D3-BF4B-00C04F79EFBC}") = "bar.nicholssoftware.com", "bar.nicholssoftware.com\bar.nicholssoftware.com.csproj", "{238A0EDE-7CB6-45C0-84B1-85B51341E20E}"
EndProject
Project("{FAE04EC0-301F-11D3-BF4B-00C04F79EFBC}") = "Bar.Data", "Data\Bar.Data.csproj", "{930FA839-B6D9-4EE1-A005-EB8B95AE269F}"
EndProject
Project("{FAE04EC0-301F-11D3-BF4B-00C04F79EFBC}") = "Bar.Business", "Business\Bar.Business.csproj", "{298B7F05-328D-4527-BD43-8C945538D5B5}"
EndProject
Project("{FAE04EC0-301F-11D3-BF4B-00C04F79EFBC}") = "bar.mobile.UWP", "bar.mobile\bar.mobile.UWP\bar.mobile.UWP.csproj", "{85BF27A2-5441-4EEE-8B81-B83559175638}"
EndProject
Project("{FAE04EC0-301F-11D3-BF4B-00C04F79EFBC}") = "bar.mobile.Android", "bar.mobile\bar.mobile.Android\bar.mobile.Android.csproj", "{D7E1ADDD-D9D2-40E3-8EF3-F93C7A743943}"
EndProject
Project("{FAE04EC0-301F-11D3-BF4B-00C04F79EFBC}") = "bar.mobile.iOS", "bar.mobile\bar.mobile.iOS\bar.mobile.iOS.csproj", "{5BEB8EAC-779E-46EC-A732-491954351458}"
EndProject
Project("{FAE04EC0-301F-11D3-BF4B-00C04F79EFBC}") = "bar.mobile", "bar.mobile\bar.mobile\bar.mobile.csproj", "{32EA73B7-3AC1-4BE1-9468-A540F3F47C9F}"
EndProject
Global
	GlobalSection(SolutionConfigurationPlatforms) = preSolution
		Debug|Any CPU = Debug|Any CPU
		Debug|ARM = Debug|ARM
		Debug|iPhone = Debug|iPhone
		Debug|iPhoneSimulator = Debug|iPhoneSimulator
		Debug|x64 = Debug|x64
		Debug|x86 = Debug|x86
		Release|Any CPU = Release|Any CPU
		Release|ARM = Release|ARM
		Release|iPhone = Release|iPhone
		Release|iPhoneSimulator = Release|iPhoneSimulator
		Release|x64 = Release|x64
		Release|x86 = Release|x86
	EndGlobalSection
	GlobalSection(ProjectConfigurationPlatforms) = postSolution
		{238A0EDE-7CB6-45C0-84B1-85B51341E20E}.Debug|Any CPU.ActiveCfg = Debug|Any CPU
		{238A0EDE-7CB6-45C0-84B1-85B51341E20E}.Debug|Any CPU.Build.0 = Debug|Any CPU
		{238A0EDE-7CB6-45C0-84B1-85B51341E20E}.Debug|ARM.ActiveCfg = Debug|Any CPU
		{238A0EDE-7CB6-45C0-84B1-85B51341E20E}.Debug|ARM.Build.0 = Debug|Any CPU
		{238A0EDE-7CB6-45C0-84B1-85B51341E20E}.Debug|iPhone.ActiveCfg = Debug|Any CPU
		{238A0EDE-7CB6-45C0-84B1-85B51341E20E}.Debug|iPhone.Build.0 = Debug|Any CPU
		{238A0EDE-7CB6-45C0-84B1-85B51341E20E}.Debug|iPhoneSimulator.ActiveCfg = Debug|Any CPU
		{238A0EDE-7CB6-45C0-84B1-85B51341E20E}.Debug|iPhoneSimulator.Build.0 = Debug|Any CPU
		{238A0EDE-7CB6-45C0-84B1-85B51341E20E}.Debug|x64.ActiveCfg = Debug|Any CPU
		{238A0EDE-7CB6-45C0-84B1-85B51341E20E}.Debug|x64.Build.0 = Debug|Any CPU
		{238A0EDE-7CB6-45C0-84B1-85B51341E20E}.Debug|x86.ActiveCfg = Debug|Any CPU
		{238A0EDE-7CB6-45C0-84B1-85B51341E20E}.Debug|x86.Build.0 = Debug|Any CPU
		{238A0EDE-7CB6-45C0-84B1-85B51341E20E}.Release|Any CPU.ActiveCfg = Release|Any CPU
		{238A0EDE-7CB6-45C0-84B1-85B51341E20E}.Release|Any CPU.Build.0 = Release|Any CPU
		{238A0EDE-7CB6-45C0-84B1-85B51341E20E}.Release|ARM.ActiveCfg = Release|Any CPU
		{238A0EDE-7CB6-45C0-84B1-85B51341E20E}.Release|ARM.Build.0 = Release|Any CPU
		{238A0EDE-7CB6-45C0-84B1-85B51341E20E}.Release|iPhone.ActiveCfg = Release|Any CPU
		{238A0EDE-7CB6-45C0-84B1-85B51341E20E}.Release|iPhone.Build.0 = Release|Any CPU
		{238A0EDE-7CB6-45C0-84B1-85B51341E20E}.Release|iPhoneSimulator.ActiveCfg = Release|Any CPU
		{238A0EDE-7CB6-45C0-84B1-85B51341E20E}.Release|iPhoneSimulator.Build.0 = Release|Any CPU
		{238A0EDE-7CB6-45C0-84B1-85B51341E20E}.Release|x64.ActiveCfg = Release|Any CPU
		{238A0EDE-7CB6-45C0-84B1-85B51341E20E}.Release|x64.Build.0 = Release|Any CPU
		{238A0EDE-7CB6-45C0-84B1-85B51341E20E}.Release|x86.ActiveCfg = Release|Any CPU
		{238A0EDE-7CB6-45C0-84B1-85B51341E20E}.Release|x86.Build.0 = Release|Any CPU
		{930FA839-B6D9-4EE1-A005-EB8B95AE269F}.Debug|Any CPU.ActiveCfg = Debug|Any CPU
		{930FA839-B6D9-4EE1-A005-EB8B95AE269F}.Debug|Any CPU.Build.0 = Debug|Any CPU
		{930FA839-B6D9-4EE1-A005-EB8B95AE269F}.Debug|ARM.ActiveCfg = Debug|Any CPU
		{930FA839-B6D9-4EE1-A005-EB8B95AE269F}.Debug|ARM.Build.0 = Debug|Any CPU
		{930FA839-B6D9-4EE1-A005-EB8B95AE269F}.Debug|iPhone.ActiveCfg = Debug|Any CPU
		{930FA839-B6D9-4EE1-A005-EB8B95AE269F}.Debug|iPhone.Build.0 = Debug|Any CPU
		{930FA839-B6D9-4EE1-A005-EB8B95AE269F}.Debug|iPhoneSimulator.ActiveCfg = Debug|Any CPU
		{930FA839-B6D9-4EE1-A005-EB8B95AE269F}.Debug|iPhoneSimulator.Build.0 = Debug|Any CPU
		{930FA839-B6D9-4EE1-A005-EB8B95AE269F}.Debug|x64.ActiveCfg = Debug|Any CPU
		{930FA839-B6D9-4EE1-A005-EB8B95AE269F}.Debug|x64.Build.0 = Debug|Any CPU
		{930FA839-B6D9-4EE1-A005-EB8B95AE269F}.Debug|x86.ActiveCfg = Debug|Any CPU
		{930FA839-B6D9-4EE1-A005-EB8B95AE269F}.Debug|x86.Build.0 = Debug|Any CPU
		{930FA839-B6D9-4EE1-A005-EB8B95AE269F}.Release|Any CPU.ActiveCfg = Release|Any CPU
		{930FA839-B6D9-4EE1-A005-EB8B95AE269F}.Release|Any CPU.Build.0 = Release|Any CPU
		{930FA839-B6D9-4EE1-A005-EB8B95AE269F}.Release|ARM.ActiveCfg = Release|Any CPU
		{930FA839-B6D9-4EE1-A005-EB8B95AE269F}.Release|ARM.Build.0 = Release|Any CPU
		{930FA839-B6D9-4EE1-A005-EB8B95AE269F}.Release|iPhone.ActiveCfg = Release|Any CPU
		{930FA839-B6D9-4EE1-A005-EB8B95AE269F}.Release|iPhone.Build.0 = Release|Any CPU
		{930FA839-B6D9-4EE1-A005-EB8B95AE269F}.Release|iPhoneSimulator.ActiveCfg = Release|Any CPU
		{930FA839-B6D9-4EE1-A005-EB8B95AE269F}.Release|iPhoneSimulator.Build.0 = Release|Any CPU
		{930FA839-B6D9-4EE1-A005-EB8B95AE269F}.Release|x64.ActiveCfg = Release|Any CPU
		{930FA839-B6D9-4EE1-A005-EB8B95AE269F}.Release|x64.Build.0 = Release|Any CPU
		{930FA839-B6D9-4EE1-A005-EB8B95AE269F}.Release|x86.ActiveCfg = Release|Any CPU
		{930FA839-B6D9-4EE1-A005-EB8B95AE269F}.Release|x86.Build.0 = Release|Any CPU
		{298B7F05-328D-4527-BD43-8C945538D5B5}.Debug|Any CPU.ActiveCfg = Debug|Any CPU
		{298B7F05-328D-4527-BD43-8C945538D5B5}.Debug|Any CPU.Build.0 = Debug|Any CPU
		{298B7F05-328D-4527-BD43-8C945538D5B5}.Debug|ARM.ActiveCfg = Debug|Any CPU
		{298B7F05-328D-4527-BD43-8C945538D5B5}.Debug|ARM.Build.0 = Debug|Any CPU
		{298B7F05-328D-4527-BD43-8C945538D5B5}.Debug|iPhone.ActiveCfg = Debug|Any CPU
		{298B7F05-328D-4527-BD43-8C945538D5B5}.Debug|iPhone.Build.0 = Debug|Any CPU
		{298B7F05-328D-4527-BD43-8C945538D5B5}.Debug|iPhoneSimulator.ActiveCfg = Debug|Any CPU
		{298B7F05-328D-4527-BD43-8C945538D5B5}.Debug|iPhoneSimulator.Build.0 = Debug|Any CPU
		{298B7F05-328D-4527-BD43-8C945538D5B5}.Debug|x64.ActiveCfg = Debug|Any CPU
		{298B7F05-328D-4527-BD43-8C945538D5B5}.Debug|x64.Build.0 = Debug|Any CPU
		{298B7F05-328D-4527-BD43-8C945538D5B5}.Debug|x86.ActiveCfg = Debug|Any CPU
		{298B7F05-328D-4527-BD43-8C945538D5B5}.Debug|x86.Build.0 = Debug|Any CPU
		{298B7F05-328D-4527-BD43-8C945538D5B5}.Release|Any CPU.ActiveCfg = Release|Any CPU
		{298B7F05-328D-4527-BD43-8C945538D5B5}.Release|Any CPU.Build.0 = Release|Any CPU
		{298B7F05-328D-4527-BD43-8C945538D5B5}.Release|ARM.ActiveCfg = Release|Any CPU
		{298B7F05-328D-4527-BD43-8C945538D5B5}.Release|ARM.Build.0 = Release|Any CPU
		{298B7F05-328D-4527-BD43-8C945538D5B5}.Release|iPhone.ActiveCfg = Release|Any CPU
		{298B7F05-328D-4527-BD43-8C945538D5B5}.Release|iPhone.Build.0 = Release|Any CPU
		{298B7F05-328D-4527-BD43-8C945538D5B5}.Release|iPhoneSimulator.ActiveCfg = Release|Any CPU
		{298B7F05-328D-4527-BD43-8C945538D5B5}.Release|iPhoneSimulator.Build.0 = Release|Any CPU
		{298B7F05-328D-4527-BD43-8C945538D5B5}.Release|x64.ActiveCfg = Release|Any CPU
		{298B7F05-328D-4527-BD43-8C945538D5B5}.Release|x64.Build.0 = Release|Any CPU
		{298B7F05-328D-4527-BD43-8C945538D5B5}.Release|x86.ActiveCfg = Release|Any CPU
		{298B7F05-328D-4527-BD43-8C945538D5B5}.Release|x86.Build.0 = Release|Any CPU
		{85BF27A2-5441-4EEE-8B81-B83559175638}.Debug|Any CPU.ActiveCfg = Debug|x86
		{85BF27A2-5441-4EEE-8B81-B83559175638}.Debug|ARM.ActiveCfg = Debug|ARM
		{85BF27A2-5441-4EEE-8B81-B83559175638}.Debug|ARM.Build.0 = Debug|ARM
		{85BF27A2-5441-4EEE-8B81-B83559175638}.Debug|ARM.Deploy.0 = Debug|ARM
		{85BF27A2-5441-4EEE-8B81-B83559175638}.Debug|iPhone.ActiveCfg = Debug|x86
		{85BF27A2-5441-4EEE-8B81-B83559175638}.Debug|iPhoneSimulator.ActiveCfg = Debug|x86
		{85BF27A2-5441-4EEE-8B81-B83559175638}.Debug|x64.ActiveCfg = Debug|x64
		{85BF27A2-5441-4EEE-8B81-B83559175638}.Debug|x64.Build.0 = Debug|x64
		{85BF27A2-5441-4EEE-8B81-B83559175638}.Debug|x64.Deploy.0 = Debug|x64
		{85BF27A2-5441-4EEE-8B81-B83559175638}.Debug|x86.ActiveCfg = Debug|x86
		{85BF27A2-5441-4EEE-8B81-B83559175638}.Debug|x86.Build.0 = Debug|x86
		{85BF27A2-5441-4EEE-8B81-B83559175638}.Debug|x86.Deploy.0 = Debug|x86
		{85BF27A2-5441-4EEE-8B81-B83559175638}.Release|Any CPU.ActiveCfg = Release|x86
		{85BF27A2-5441-4EEE-8B81-B83559175638}.Release|ARM.ActiveCfg = Release|ARM
		{85BF27A2-5441-4EEE-8B81-B83559175638}.Release|ARM.Build.0 = Release|ARM
		{85BF27A2-5441-4EEE-8B81-B83559175638}.Release|ARM.Deploy.0 = Release|ARM
		{85BF27A2-5441-4EEE-8B81-B83559175638}.Release|iPhone.ActiveCfg = Release|x86
		{85BF27A2-5441-4EEE-8B81-B83559175638}.Release|iPhoneSimulator.ActiveCfg = Release|x86
		{85BF27A2-5441-4EEE-8B81-B83559175638}.Release|x64.ActiveCfg = Release|x64
		{85BF27A2-5441-4EEE-8B81-B83559175638}.Release|x64.Build.0 = Release|x64
		{85BF27A2-5441-4EEE-8B81-B83559175638}.Release|x64.Deploy.0 = Release|x64
		{85BF27A2-5441-4EEE-8B81-B83559175638}.Release|x86.ActiveCfg = Release|x86
		{85BF27A2-5441-4EEE-8B81-B83559175638}.Release|x86.Build.0 = Release|x86
		{85BF27A2-5441-4EEE-8B81-B83559175638}.Release|x86.Deploy.0 = Release|x86
		{D7E1ADDD-D9D2-40E3-8EF3-F93C7A743943}.Debug|Any CPU.ActiveCfg = Debug|Any CPU
		{D7E1ADDD-D9D2-40E3-8EF3-F93C7A743943}.Debug|Any CPU.Build.0 = Debug|Any CPU
		{D7E1ADDD-D9D2-40E3-8EF3-F93C7A743943}.Debug|Any CPU.Deploy.0 = Debug|Any CPU
		{D7E1ADDD-D9D2-40E3-8EF3-F93C7A743943}.Debug|ARM.ActiveCfg = Debug|Any CPU
		{D7E1ADDD-D9D2-40E3-8EF3-F93C7A743943}.Debug|ARM.Build.0 = Debug|Any CPU
		{D7E1ADDD-D9D2-40E3-8EF3-F93C7A743943}.Debug|ARM.Deploy.0 = Debug|Any CPU
		{D7E1ADDD-D9D2-40E3-8EF3-F93C7A743943}.Debug|iPhone.ActiveCfg = Debug|Any CPU
		{D7E1ADDD-D9D2-40E3-8EF3-F93C7A743943}.Debug|iPhone.Build.0 = Debug|Any CPU
		{D7E1ADDD-D9D2-40E3-8EF3-F93C7A743943}.Debug|iPhone.Deploy.0 = Debug|Any CPU
		{D7E1ADDD-D9D2-40E3-8EF3-F93C7A743943}.Debug|iPhoneSimulator.ActiveCfg = Debug|Any CPU
		{D7E1ADDD-D9D2-40E3-8EF3-F93C7A743943}.Debug|iPhoneSimulator.Build.0 = Debug|Any CPU
		{D7E1ADDD-D9D2-40E3-8EF3-F93C7A743943}.Debug|iPhoneSimulator.Deploy.0 = Debug|Any CPU
		{D7E1ADDD-D9D2-40E3-8EF3-F93C7A743943}.Debug|x64.ActiveCfg = Debug|Any CPU
		{D7E1ADDD-D9D2-40E3-8EF3-F93C7A743943}.Debug|x64.Build.0 = Debug|Any CPU
		{D7E1ADDD-D9D2-40E3-8EF3-F93C7A743943}.Debug|x64.Deploy.0 = Debug|Any CPU
		{D7E1ADDD-D9D2-40E3-8EF3-F93C7A743943}.Debug|x86.ActiveCfg = Debug|Any CPU
		{D7E1ADDD-D9D2-40E3-8EF3-F93C7A743943}.Debug|x86.Build.0 = Debug|Any CPU
		{D7E1ADDD-D9D2-40E3-8EF3-F93C7A743943}.Debug|x86.Deploy.0 = Debug|Any CPU
		{D7E1ADDD-D9D2-40E3-8EF3-F93C7A743943}.Release|Any CPU.ActiveCfg = Release|Any CPU
		{D7E1ADDD-D9D2-40E3-8EF3-F93C7A743943}.Release|Any CPU.Build.0 = Release|Any CPU
		{D7E1ADDD-D9D2-40E3-8EF3-F93C7A743943}.Release|Any CPU.Deploy.0 = Release|Any CPU
		{D7E1ADDD-D9D2-40E3-8EF3-F93C7A743943}.Release|ARM.ActiveCfg = Release|Any CPU
		{D7E1ADDD-D9D2-40E3-8EF3-F93C7A743943}.Release|ARM.Build.0 = Release|Any CPU
		{D7E1ADDD-D9D2-40E3-8EF3-F93C7A743943}.Release|ARM.Deploy.0 = Release|Any CPU
		{D7E1ADDD-D9D2-40E3-8EF3-F93C7A743943}.Release|iPhone.ActiveCfg = Release|Any CPU
		{D7E1ADDD-D9D2-40E3-8EF3-F93C7A743943}.Release|iPhone.Build.0 = Release|Any CPU
		{D7E1ADDD-D9D2-40E3-8EF3-F93C7A743943}.Release|iPhone.Deploy.0 = Release|Any CPU
		{D7E1ADDD-D9D2-40E3-8EF3-F93C7A743943}.Release|iPhoneSimulator.ActiveCfg = Release|Any CPU
		{D7E1ADDD-D9D2-40E3-8EF3-F93C7A743943}.Release|iPhoneSimulator.Build.0 = Release|Any CPU
		{D7E1ADDD-D9D2-40E3-8EF3-F93C7A743943}.Release|iPhoneSimulator.Deploy.0 = Release|Any CPU
		{D7E1ADDD-D9D2-40E3-8EF3-F93C7A743943}.Release|x64.ActiveCfg = Release|Any CPU
		{D7E1ADDD-D9D2-40E3-8EF3-F93C7A743943}.Release|x64.Build.0 = Release|Any CPU
		{D7E1ADDD-D9D2-40E3-8EF3-F93C7A743943}.Release|x64.Deploy.0 = Release|Any CPU
		{D7E1ADDD-D9D2-40E3-8EF3-F93C7A743943}.Release|x86.ActiveCfg = Release|Any CPU
		{D7E1ADDD-D9D2-40E3-8EF3-F93C7A743943}.Release|x86.Build.0 = Release|Any CPU
		{D7E1ADDD-D9D2-40E3-8EF3-F93C7A743943}.Release|x86.Deploy.0 = Release|Any CPU
		{5BEB8EAC-779E-46EC-A732-491954351458}.Debug|Any CPU.ActiveCfg = Debug|iPhone
		{5BEB8EAC-779E-46EC-A732-491954351458}.Debug|ARM.ActiveCfg = Debug|iPhone
		{5BEB8EAC-779E-46EC-A732-491954351458}.Debug|iPhone.ActiveCfg = Debug|iPhone
		{5BEB8EAC-779E-46EC-A732-491954351458}.Debug|iPhone.Build.0 = Debug|iPhone
		{5BEB8EAC-779E-46EC-A732-491954351458}.Debug|iPhoneSimulator.ActiveCfg = Debug|iPhoneSimulator
		{5BEB8EAC-779E-46EC-A732-491954351458}.Debug|iPhoneSimulator.Build.0 = Debug|iPhoneSimulator
		{5BEB8EAC-779E-46EC-A732-491954351458}.Debug|x64.ActiveCfg = Debug|iPhone
		{5BEB8EAC-779E-46EC-A732-491954351458}.Debug|x86.ActiveCfg = Debug|iPhone
		{5BEB8EAC-779E-46EC-A732-491954351458}.Release|Any CPU.ActiveCfg = Release|iPhone
		{5BEB8EAC-779E-46EC-A732-491954351458}.Release|ARM.ActiveCfg = Release|iPhone
		{5BEB8EAC-779E-46EC-A732-491954351458}.Release|iPhone.ActiveCfg = Release|iPhone
		{5BEB8EAC-779E-46EC-A732-491954351458}.Release|iPhone.Build.0 = Release|iPhone
		{5BEB8EAC-779E-46EC-A732-491954351458}.Release|iPhoneSimulator.ActiveCfg = Release|iPhoneSimulator
		{5BEB8EAC-779E-46EC-A732-491954351458}.Release|iPhoneSimulator.Build.0 = Release|iPhoneSimulator
		{5BEB8EAC-779E-46EC-A732-491954351458}.Release|x64.ActiveCfg = Release|iPhone
		{5BEB8EAC-779E-46EC-A732-491954351458}.Release|x86.ActiveCfg = Release|iPhone
		{32EA73B7-3AC1-4BE1-9468-A540F3F47C9F}.Debug|Any CPU.ActiveCfg = Debug|Any CPU
		{32EA73B7-3AC1-4BE1-9468-A540F3F47C9F}.Debug|Any CPU.Build.0 = Debug|Any CPU
		{32EA73B7-3AC1-4BE1-9468-A540F3F47C9F}.Debug|ARM.ActiveCfg = Debug|Any CPU
		{32EA73B7-3AC1-4BE1-9468-A540F3F47C9F}.Debug|ARM.Build.0 = Debug|Any CPU
		{32EA73B7-3AC1-4BE1-9468-A540F3F47C9F}.Debug|iPhone.ActiveCfg = Debug|Any CPU
		{32EA73B7-3AC1-4BE1-9468-A540F3F47C9F}.Debug|iPhone.Build.0 = Debug|Any CPU
		{32EA73B7-3AC1-4BE1-9468-A540F3F47C9F}.Debug|iPhoneSimulator.ActiveCfg = Debug|Any CPU
		{32EA73B7-3AC1-4BE1-9468-A540F3F47C9F}.Debug|iPhoneSimulator.Build.0 = Debug|Any CPU
		{32EA73B7-3AC1-4BE1-9468-A540F3F47C9F}.Debug|x64.ActiveCfg = Debug|Any CPU
		{32EA73B7-3AC1-4BE1-9468-A540F3F47C9F}.Debug|x64.Build.0 = Debug|Any CPU
		{32EA73B7-3AC1-4BE1-9468-A540F3F47C9F}.Debug|x86.ActiveCfg = Debug|Any CPU
		{32EA73B7-3AC1-4BE1-9468-A540F3F47C9F}.Debug|x86.Build.0 = Debug|Any CPU
		{32EA73B7-3AC1-4BE1-9468-A540F3F47C9F}.Release|Any CPU.ActiveCfg = Release|Any CPU
		{32EA73B7-3AC1-4BE1-9468-A540F3F47C9F}.Release|Any CPU.Build.0 = Release|Any CPU
		{32EA73B7-3AC1-4BE1-9468-A540F3F47C9F}.Release|ARM.ActiveCfg = Release|Any CPU
		{32EA73B7-3AC1-4BE1-9468-A540F3F47C9F}.Release|ARM.Build.0 = Release|Any CPU
		{32EA73B7-3AC1-4BE1-9468-A540F3F47C9F}.Release|iPhone.ActiveCfg = Release|Any CPU
		{32EA73B7-3AC1-4BE1-9468-A540F3F47C9F}.Release|iPhone.Build.0 = Release|Any CPU
		{32EA73B7-3AC1-4BE1-9468-A540F3F47C9F}.Release|iPhoneSimulator.ActiveCfg = Release|Any CPU
		{32EA73B7-3AC1-4BE1-9468-A540F3F47C9F}.Release|iPhoneSimulator.Build.0 = Release|Any CPU
		{32EA73B7-3AC1-4BE1-9468-A540F3F47C9F}.Release|x64.ActiveCfg = Release|Any CPU
		{32EA73B7-3AC1-4BE1-9468-A540F3F47C9F}.Release|x64.Build.0 = Release|Any CPU
		{32EA73B7-3AC1-4BE1-9468-A540F3F47C9F}.Release|x86.ActiveCfg = Release|Any CPU
		{32EA73B7-3AC1-4BE1-9468-A540F3F47C9F}.Release|x86.Build.0 = Release|Any CPU
	EndGlobalSection
	GlobalSection(SolutionProperties) = preSolution
		HideSolutionNode = FALSE
	EndGlobalSection
	GlobalSection(ExtensibilityGlobals) = postSolution
		SolutionGuid = {63424A4A-557B-4F41-BF59-AB5F28BDDC2A}
	EndGlobalSection
EndGlobal
